
Microsoft Visual Studio Solution File, Format Version 12.00
# Visual Studio Version 17
VisualStudioVersion = 17.1.32414.318
MinimumVisualStudioVersion = 10.0.40219.1
Project("{FAE04EC0-301F-11D3-BF4B-00C04F79EFBC}") = "Udemy-Ornek-2", "Udemy-Ornek-2\Udemy-Ornek-2.csproj", "{D37D304D-E9C0-4799-8F5F-E08A35A55F51}"
EndProject
Global
	GlobalSection(SolutionConfigurationPlatforms) = preSolution
		Debug|Any CPU = Debug|Any CPU
		Release|Any CPU = Release|Any CPU
	EndGlobalSection
	GlobalSection(ProjectConfigurationPlatforms) = postSolution
		{D37D304D-E9C0-4799-8F5F-E08A35A55F51}.Debug|Any CPU.ActiveCfg = Debug|Any CPU
		{D37D304D-E9C0-4799-8F5F-E08A35A55F51}.Debug|Any CPU.Build.0 = Debug|Any CPU
		{D37D304D-E9C0-4799-8F5F-E08A35A55F51}.Release|Any CPU.ActiveCfg = Release|Any CPU
		{D37D304D-E9C0-4799-8F5F-E08A35A55F51}.Release|Any CPU.Build.0 = Release|Any CPU
	EndGlobalSection
	GlobalSection(SolutionProperties) = preSolution
		HideSolutionNode = FALSE
	EndGlobalSection
	GlobalSection(ExtensibilityGlobals) = postSolution
		SolutionGuid = {97F72247-DB12-4390-87FE-24C92F4B8DB0}
	EndGlobalSection
EndGlobal
